
Microsoft Visual Studio Solution File, Format Version 12.00
# Visual Studio Version 16
VisualStudioVersion = 16.0.30104.148
MinimumVisualStudioVersion = 10.0.40219.1
Project("{FAE04EC0-301F-11D3-BF4B-00C04F79EFBC}") = "MvcNews", "MvcNews.csproj", "{96BDFB6E-CD7A-4AED-9E9B-EBFF7C8E585E}"
EndProject
Global
	GlobalSection(SolutionConfigurationPlatforms) = preSolution
		Debug|Any CPU = Debug|Any CPU
		Release|Any CPU = Release|Any CPU
	EndGlobalSection
	GlobalSection(ProjectConfigurationPlatforms) = postSolution
		{96BDFB6E-CD7A-4AED-9E9B-EBFF7C8E585E}.Debug|Any CPU.ActiveCfg = Debug|Any CPU
		{96BDFB6E-CD7A-4AED-9E9B-EBFF7C8E585E}.Debug|Any CPU.Build.0 = Debug|Any CPU
		{96BDFB6E-CD7A-4AED-9E9B-EBFF7C8E585E}.Release|Any CPU.ActiveCfg = Release|Any CPU
		{96BDFB6E-CD7A-4AED-9E9B-EBFF7C8E585E}.Release|Any CPU.Build.0 = Release|Any CPU
	EndGlobalSection
	GlobalSection(SolutionProperties) = preSolution
		HideSolutionNode = FALSE
	EndGlobalSection
	GlobalSection(ExtensibilityGlobals) = postSolution
		SolutionGuid = {7EC64D8A-D960-4457-BB3D-B395D4162FA0}
	EndGlobalSection
EndGlobal
